
Microsoft Visual Studio Solution File, Format Version 12.00
# Visual Studio Version 17
VisualStudioVersion = 17.3.32901.215
MinimumVisualStudioVersion = 10.0.40219.1
Project("{FAE04EC0-301F-11D3-BF4B-00C04F79EFBC}") = "filmArsiv", "filmArsiv\filmArsiv.csproj", "{4C95733A-0503-48D7-A7FD-35BFF9557949}"
EndProject
Global
	GlobalSection(SolutionConfigurationPlatforms) = preSolution
		Debug|Any CPU = Debug|Any CPU
		Release|Any CPU = Release|Any CPU
	EndGlobalSection
	GlobalSection(ProjectConfigurationPlatforms) = postSolution
		{4C95733A-0503-48D7-A7FD-35BFF9557949}.Debug|Any CPU.ActiveCfg = Debug|Any CPU
		{4C95733A-0503-48D7-A7FD-35BFF9557949}.Debug|Any CPU.Build.0 = Debug|Any CPU
		{4C95733A-0503-48D7-A7FD-35BFF9557949}.Release|Any CPU.ActiveCfg = Release|Any CPU
		{4C95733A-0503-48D7-A7FD-35BFF9557949}.Release|Any CPU.Build.0 = Release|Any CPU
	EndGlobalSection
	GlobalSection(SolutionProperties) = preSolution
		HideSolutionNode = FALSE
	EndGlobalSection
	GlobalSection(ExtensibilityGlobals) = postSolution
		SolutionGuid = {33276C72-347B-45F3-9EB8-8568669BB743}
	EndGlobalSection
EndGlobal
